
Microsoft Visual Studio Solution File, Format Version 12.00
# Visual Studio 2013
VisualStudioVersion = 12.0.30110.0
MinimumVisualStudioVersion = 10.0.40219.1
Project("{FAE04EC0-301F-11D3-BF4B-00C04F79EFBC}") = "Interets.Old", "Interets.Old\Interets.Old.csproj", "{EEF1CBA1-17AB-4AD0-B786-A9AB1ACE774B}"
EndProject
Project("{FAE04EC0-301F-11D3-BF4B-00C04F79EFBC}") = "Interets.New", "Interets.New\Interets.New.csproj", "{FDBE8EDD-52D1-463F-B3D4-D2578D34E1A7}"
EndProject
Project("{2150E333-8FDC-42A3-9474-1A3956D46DE8}") = "Test", "Test", "{472B2C2D-6E7D-481D-A93E-2633ACAF7ED4}"
EndProject
Project("{FAE04EC0-301F-11D3-BF4B-00C04F79EFBC}") = "Interets.New.Logic.Test", "Interets.New.Logic.Test\Interets.New.Logic.Test.csproj", "{E88074A3-E1E0-4811-8EA3-D843E0D03CA0}"
EndProject
Project("{FAE04EC0-301F-11D3-BF4B-00C04F79EFBC}") = "Interets.New.Logic", "Interets.New.Logic\Interets.New.Logic.csproj", "{AE479FA8-549B-4CE7-BE5D-3F2DE2CB333B}"
EndProject
Global
	GlobalSection(SolutionConfigurationPlatforms) = preSolution
		Debug|Any CPU = Debug|Any CPU
		Release|Any CPU = Release|Any CPU
	EndGlobalSection
	GlobalSection(ProjectConfigurationPlatforms) = postSolution
		{EEF1CBA1-17AB-4AD0-B786-A9AB1ACE774B}.Debug|Any CPU.ActiveCfg = Debug|Any CPU
		{EEF1CBA1-17AB-4AD0-B786-A9AB1ACE774B}.Debug|Any CPU.Build.0 = Debug|Any CPU
		{EEF1CBA1-17AB-4AD0-B786-A9AB1ACE774B}.Release|Any CPU.ActiveCfg = Release|Any CPU
		{EEF1CBA1-17AB-4AD0-B786-A9AB1ACE774B}.Release|Any CPU.Build.0 = Release|Any CPU
		{FDBE8EDD-52D1-463F-B3D4-D2578D34E1A7}.Debug|Any CPU.ActiveCfg = Debug|Any CPU
		{FDBE8EDD-52D1-463F-B3D4-D2578D34E1A7}.Debug|Any CPU.Build.0 = Debug|Any CPU
		{FDBE8EDD-52D1-463F-B3D4-D2578D34E1A7}.Release|Any CPU.ActiveCfg = Release|Any CPU
		{FDBE8EDD-52D1-463F-B3D4-D2578D34E1A7}.Release|Any CPU.Build.0 = Release|Any CPU
		{E88074A3-E1E0-4811-8EA3-D843E0D03CA0}.Debug|Any CPU.ActiveCfg = Debug|Any CPU
		{E88074A3-E1E0-4811-8EA3-D843E0D03CA0}.Debug|Any CPU.Build.0 = Debug|Any CPU
		{E88074A3-E1E0-4811-8EA3-D843E0D03CA0}.Release|Any CPU.ActiveCfg = Release|Any CPU
		{E88074A3-E1E0-4811-8EA3-D843E0D03CA0}.Release|Any CPU.Build.0 = Release|Any CPU
		{AE479FA8-549B-4CE7-BE5D-3F2DE2CB333B}.Debug|Any CPU.ActiveCfg = Debug|Any CPU
		{AE479FA8-549B-4CE7-BE5D-3F2DE2CB333B}.Debug|Any CPU.Build.0 = Debug|Any CPU
		{AE479FA8-549B-4CE7-BE5D-3F2DE2CB333B}.Release|Any CPU.ActiveCfg = Release|Any CPU
		{AE479FA8-549B-4CE7-BE5D-3F2DE2CB333B}.Release|Any CPU.Build.0 = Release|Any CPU
	EndGlobalSection
	GlobalSection(SolutionProperties) = preSolution
		HideSolutionNode = FALSE
	EndGlobalSection
	GlobalSection(NestedProjects) = preSolution
		{E88074A3-E1E0-4811-8EA3-D843E0D03CA0} = {472B2C2D-6E7D-481D-A93E-2633ACAF7ED4}
	EndGlobalSection
EndGlobal
